
Microsoft Visual Studio Solution File, Format Version 12.00
# Visual Studio Version 16
VisualStudioVersion = 16.0.31702.278
MinimumVisualStudioVersion = 10.0.40219.1
Project("{FAE04EC0-301F-11D3-BF4B-00C04F79EFBC}") = "TestProject1", "TestProject1\TestProject1.csproj", "{9FA5D061-790C-416F-9489-9FCF5FA8AE3C}"
EndProject
Project("{FAE04EC0-301F-11D3-BF4B-00C04F79EFBC}") = "WPFApplication", "WPFApplication\WPFApplication.csproj", "{888C555F-5632-475B-9DF8-E4132CE8F9EB}"
EndProject
Project("{FAE04EC0-301F-11D3-BF4B-00C04F79EFBC}") = "Exercise_03", "Exercise_03\Exercise_03.csproj", "{E653A543-8E87-433A-BC31-E249669050FB}"
EndProject
Global
	GlobalSection(SolutionConfigurationPlatforms) = preSolution
		Debug|Any CPU = Debug|Any CPU
		Release|Any CPU = Release|Any CPU
	EndGlobalSection
	GlobalSection(ProjectConfigurationPlatforms) = postSolution
		{9FA5D061-790C-416F-9489-9FCF5FA8AE3C}.Debug|Any CPU.ActiveCfg = Debug|Any CPU
		{9FA5D061-790C-416F-9489-9FCF5FA8AE3C}.Debug|Any CPU.Build.0 = Debug|Any CPU
		{9FA5D061-790C-416F-9489-9FCF5FA8AE3C}.Release|Any CPU.ActiveCfg = Release|Any CPU
		{9FA5D061-790C-416F-9489-9FCF5FA8AE3C}.Release|Any CPU.Build.0 = Release|Any CPU
		{888C555F-5632-475B-9DF8-E4132CE8F9EB}.Debug|Any CPU.ActiveCfg = Debug|Any CPU
		{888C555F-5632-475B-9DF8-E4132CE8F9EB}.Debug|Any CPU.Build.0 = Debug|Any CPU
		{888C555F-5632-475B-9DF8-E4132CE8F9EB}.Release|Any CPU.ActiveCfg = Release|Any CPU
		{888C555F-5632-475B-9DF8-E4132CE8F9EB}.Release|Any CPU.Build.0 = Release|Any CPU
		{E653A543-8E87-433A-BC31-E249669050FB}.Debug|Any CPU.ActiveCfg = Debug|Any CPU
		{E653A543-8E87-433A-BC31-E249669050FB}.Debug|Any CPU.Build.0 = Debug|Any CPU
		{E653A543-8E87-433A-BC31-E249669050FB}.Release|Any CPU.ActiveCfg = Release|Any CPU
		{E653A543-8E87-433A-BC31-E249669050FB}.Release|Any CPU.Build.0 = Release|Any CPU
	EndGlobalSection
	GlobalSection(SolutionProperties) = preSolution
		HideSolutionNode = FALSE
	EndGlobalSection
	GlobalSection(ExtensibilityGlobals) = postSolution
		SolutionGuid = {12FE2FFA-6938-48FC-98D8-1F7BE461938F}
	EndGlobalSection
EndGlobal
